
Microsoft Visual Studio Solution File, Format Version 12.00
# Visual Studio Version 16
VisualStudioVersion = 16.0.30225.117
MinimumVisualStudioVersion = 10.0.40219.1
Project("{FAE04EC0-301F-11D3-BF4B-00C04F79EFBC}") = "TwentyOne", "TwentyOne\TwentyOne.csproj", "{AE65EB0B-CAAD-475B-A048-117E49A2F018}"
EndProject
Global
	GlobalSection(SolutionConfigurationPlatforms) = preSolution
		Debug|Any CPU = Debug|Any CPU
		Release|Any CPU = Release|Any CPU
	EndGlobalSection
	GlobalSection(ProjectConfigurationPlatforms) = postSolution
		{AE65EB0B-CAAD-475B-A048-117E49A2F018}.Debug|Any CPU.ActiveCfg = Debug|Any CPU
		{AE65EB0B-CAAD-475B-A048-117E49A2F018}.Debug|Any CPU.Build.0 = Debug|Any CPU
		{AE65EB0B-CAAD-475B-A048-117E49A2F018}.Release|Any CPU.ActiveCfg = Release|Any CPU
		{AE65EB0B-CAAD-475B-A048-117E49A2F018}.Release|Any CPU.Build.0 = Release|Any CPU
	EndGlobalSection
	GlobalSection(SolutionProperties) = preSolution
		HideSolutionNode = FALSE
	EndGlobalSection
	GlobalSection(ExtensibilityGlobals) = postSolution
		SolutionGuid = {C943BC36-E74F-4605-9A71-B9D01192F2B8}
	EndGlobalSection
EndGlobal
